
Microsoft Visual Studio Solution File, Format Version 12.00
# Visual Studio Version 17
VisualStudioVersion = 17.9.34728.123
MinimumVisualStudioVersion = 10.0.40219.1
Project("{FAE04EC0-301F-11D3-BF4B-00C04F79EFBC}") = "TCPClient", "TCPClient\TCPClient.csproj", "{30DFEE1F-0C1D-44D4-A6F4-A3779B8B13F6}"
EndProject
Project("{FAE04EC0-301F-11D3-BF4B-00C04F79EFBC}") = "TCPServer", "TCPServer\TCPServer.csproj", "{3865CC31-3B1A-43D1-A1D2-927D43145D98}"
EndProject
Global
	GlobalSection(SolutionConfigurationPlatforms) = preSolution
		Debug|Any CPU = Debug|Any CPU
		Release|Any CPU = Release|Any CPU
	EndGlobalSection
	GlobalSection(ProjectConfigurationPlatforms) = postSolution
		{30DFEE1F-0C1D-44D4-A6F4-A3779B8B13F6}.Debug|Any CPU.ActiveCfg = Debug|Any CPU
		{30DFEE1F-0C1D-44D4-A6F4-A3779B8B13F6}.Debug|Any CPU.Build.0 = Debug|Any CPU
		{30DFEE1F-0C1D-44D4-A6F4-A3779B8B13F6}.Release|Any CPU.ActiveCfg = Release|Any CPU
		{30DFEE1F-0C1D-44D4-A6F4-A3779B8B13F6}.Release|Any CPU.Build.0 = Release|Any CPU
		{3865CC31-3B1A-43D1-A1D2-927D43145D98}.Debug|Any CPU.ActiveCfg = Debug|Any CPU
		{3865CC31-3B1A-43D1-A1D2-927D43145D98}.Debug|Any CPU.Build.0 = Debug|Any CPU
		{3865CC31-3B1A-43D1-A1D2-927D43145D98}.Release|Any CPU.ActiveCfg = Release|Any CPU
		{3865CC31-3B1A-43D1-A1D2-927D43145D98}.Release|Any CPU.Build.0 = Release|Any CPU
	EndGlobalSection
	GlobalSection(SolutionProperties) = preSolution
		HideSolutionNode = FALSE
	EndGlobalSection
	GlobalSection(ExtensibilityGlobals) = postSolution
		SolutionGuid = {5883E9EA-9BF3-4211-88D4-1522AF511F21}
	EndGlobalSection
EndGlobal
